{
  "version": 4,
  "terraform_version": "1.8.0",
  "serial": 97,
  "lineage": "74d007f1-5a97-a371-ac4c-479f666afd1e",
  "outputs": {
    "public_ip_address": {
      "value": "hash-vm: 51.140.51.125",
      "type": "string"
    }
  },
  "resources": [
    {
      "mode": "data",
      "type": "azurerm_public_ip",
      "name": "hash-ip-data",
      "provider": "provider[\"registry.terraform.io/hashicorp/azurerm\"]",
      "instances": [
        {
          "schema_version": 0,
          "attributes": {
            "allocation_method": "Dynamic",
            "domain_name_label": "",
            "fqdn": "",
            "id": "/subscriptions/a32f5afc-66b2-452e-b83b-075de734cfe3/resourceGroups/hashicorp-rg/providers/Microsoft.Network/publicIPAddresses/hash-ip",
            "idle_timeout_in_minutes": 4,
            "ip_address": "51.140.51.125",
            "ip_tags": {},
            "ip_version": "IPv4",
            "location": "uksouth",
            "name": "hash-ip",
            "resource_group_name": "hashicorp-rg",
            "reverse_fqdn": "",
            "sku": "Basic",
            "tags": {
              "environment": "dev"
            },
            "timeouts": null,
            "zones": []
          },
          "sensitive_attributes": []
        }
      ]
    },
    {
      "mode": "managed",
      "type": "azurerm_linux_virtual_machine",
      "name": "hash-vm",
      "provider": "provider[\"registry.terraform.io/hashicorp/azurerm\"]",
      "instances": [
        {
          "schema_version": 0,
          "attributes": {
            "additional_capabilities": [],
            "admin_password": null,
            "admin_ssh_key": [
              {
                "public_key": "ssh-rsa AAAAB3NzaC1yc2EAAAADAQABAAABgQDjca58Xb50jW1kc/VXg5YXb5mqaUA3KPEm0CbP1H8UAeVMGxh6ydl1P5MfTg6pyuk9RVB7AXIWEgMzbme0dLw9BTjKZ7nhyc+9YPVmF51FxF9cxXZ90WU91kKVkN6oqBpL/38vXViT4q4/kfG5EqbCqN4p2uutS7sbtvXT6FSD9wylqsmhdfZsIkQ6uJ+6CdeqEs2NU1DNj0xUjCda86R/BXbrQX0myJXsjI+yF92F9PR84YALHIYvMekZjdolxQdHwm4h5Z5aTEU8rXTf5q3lTqmAVO0gerz1YjJZuzq/eRMRnZm1i+IeHSxh9eUT2+8C9ncZuccC1caE6CGRBjG6drwRPVHtP9zvFSIiCrpiFZFIO97KG0vomzjl++MBaXwieBEicGLAWqnvnAdO0+68bQ75VbVOtVNiKsQ8LeB1Ug8atd7XIXTKsfRPTaV8ea/aQXot5j+U66NuOA7ZrZq0pwMEgHS4/+SIwN7QMQyLsefj6xG4ppGmbJRMzsUJDg0= sysadmin@Windows11x64\r\n",
                "username": "adminuser"
              }
            ],
            "admin_username": "adminuser",
            "allow_extension_operations": true,
            "availability_set_id": "",
            "boot_diagnostics": [],
            "computer_name": "hash-vm",
            "custom_data": "IyEvYmluL2Jhc2gNCnN1ZG8gYXB0LWdldCB1cGRhdGUgLXkgJiYNCnN1ZG8gYXB0LWdldCBpbnN0YWxsIC15IFwNCmFwdC10cmFuc3BvcnQtaHR0cHMgXA0KY2EtY2VydGlmaWNhdGVzIFwNCmN1cmwgXA0KZ251cGctYWdlbnQgXA0Kc29mdHdhcmUtcHJvcGVydGllcy1jb21tb24gJiYNCmN1cmwgLWZzU0wgaHR0cHM6Ly9kb3dubG9hZC5kb2NrZXIuY29tL2xpbnV4L3VidW50dS9ncGcgfCBzdWRvIGFwdC1rZXkgYWRkIC0gJiYNCnN1ZG8gYWRkLWFwdC1yZXBvc2l0b3J5ICJkZWIgW2FyY2g9YW1kNjRdIGh0dHBzOi8vZG93bmxvYWQuZG9ja2VyLmNvbS9saW51eC91YnVudHUgJChsc2JfcmVsZWFzZSAtY3MpIHN0YWJsZSIgJiYNCnN1ZG8gYXB0LWdldCB1cGRhdGUgLXkgJiYNCnN1ZG8gYXB0LWdldCBpbnN0YWxsIGRvY2tlci1jZSBkb2NrZXItY2UtY2xpIGNvbnRhaW5lcmQuaW8gLXkgJiYNCnN1ZG8gdXNlcm1vZCAtYUcgZG9ja2VyIHVidW50dQ0KDQo=",
            "dedicated_host_group_id": "",
            "dedicated_host_id": "",
            "disable_password_authentication": true,
            "edge_zone": "",
            "encryption_at_host_enabled": false,
            "eviction_policy": "",
            "extensions_time_budget": "PT1H30M",
            "id": "/subscriptions/a32f5afc-66b2-452e-b83b-075de734cfe3/resourceGroups/hashicorp-rg/providers/Microsoft.Compute/virtualMachines/hash-vm",
            "identity": [],
            "license_type": "",
            "location": "uksouth",
            "max_bid_price": -1,
            "name": "hash-vm",
            "network_interface_ids": [
              "/subscriptions/a32f5afc-66b2-452e-b83b-075de734cfe3/resourceGroups/hashicorp-rg/providers/Microsoft.Network/networkInterfaces/hash-nic"
            ],
            "os_disk": [
              {
                "caching": "ReadWrite",
                "diff_disk_settings": [],
                "disk_encryption_set_id": "",
                "disk_size_gb": 30,
                "name": "hash-vm_disk1_9706fc9e7e3e466f83d26b776f7cd415",
                "storage_account_type": "Standard_LRS",
                "write_accelerator_enabled": false
              }
            ],
            "patch_mode": "ImageDefault",
            "plan": [],
            "platform_fault_domain": -1,
            "priority": "Regular",
            "private_ip_address": "10.0.1.4",
            "private_ip_addresses": [
              "10.0.1.4"
            ],
            "provision_vm_agent": true,
            "proximity_placement_group_id": "",
            "public_ip_address": "51.140.51.125",
            "public_ip_addresses": [
              "51.140.51.125"
            ],
            "resource_group_name": "hashicorp-rg",
            "secret": [],
            "secure_boot_enabled": false,
            "size": "Standard_B1s",
            "source_image_id": "",
            "source_image_reference": [
              {
                "offer": "UbuntuServer",
                "publisher": "Canonical",
                "sku": "18.04-LTS",
                "version": "latest"
              }
            ],
            "tags": {
              "environment": "dev"
            },
            "termination_notification": [],
            "timeouts": null,
            "user_data": "",
            "virtual_machine_id": "3e4b64a7-cb39-4406-bf74-a69faa9dbbb9",
            "virtual_machine_scale_set_id": "",
            "vtpm_enabled": false,
            "zone": ""
          },
          "sensitive_attributes": [
            [
              {
                "type": "get_attr",
                "value": "custom_data"
              }
            ],
            [
              {
                "type": "get_attr",
                "value": "admin_password"
              }
            ]
          ],
          "private": "eyJlMmJmYjczMC1lY2FhLTExZTYtOGY4OC0zNDM2M2JjN2M0YzAiOnsiY3JlYXRlIjoyNzAwMDAwMDAwMDAwLCJkZWxldGUiOjI3MDAwMDAwMDAwMDAsInJlYWQiOjMwMDAwMDAwMDAwMCwidXBkYXRlIjoyNzAwMDAwMDAwMDAwfX0=",
          "dependencies": [
            "azurerm_network_interface.hash-nic",
            "azurerm_public_ip.hash-ip",
            "azurerm_resource_group.hash-rg",
            "azurerm_subnet.has-subnet",
            "azurerm_virtual_network.has-vn"
          ]
        }
      ]
    },
    {
      "mode": "managed",
      "type": "azurerm_network_interface",
      "name": "hash-nic",
      "provider": "provider[\"registry.terraform.io/hashicorp/azurerm\"]",
      "instances": [
        {
          "schema_version": 0,
          "attributes": {
            "applied_dns_servers": [],
            "dns_servers": [],
            "edge_zone": "",
            "enable_accelerated_networking": false,
            "enable_ip_forwarding": false,
            "id": "/subscriptions/a32f5afc-66b2-452e-b83b-075de734cfe3/resourceGroups/hashicorp-rg/providers/Microsoft.Network/networkInterfaces/hash-nic",
            "internal_dns_name_label": "",
            "internal_domain_name_suffix": "pcz5zvuu1hlurau5d40u3nvmah.zx.internal.cloudapp.net",
            "ip_configuration": [
              {
                "gateway_load_balancer_frontend_ip_configuration_id": "",
                "name": "internal",
                "primary": true,
                "private_ip_address": "10.0.1.4",
                "private_ip_address_allocation": "Dynamic",
                "private_ip_address_version": "IPv4",
                "public_ip_address_id": "/subscriptions/a32f5afc-66b2-452e-b83b-075de734cfe3/resourceGroups/hashicorp-rg/providers/Microsoft.Network/publicIPAddresses/hash-ip",
                "subnet_id": "/subscriptions/a32f5afc-66b2-452e-b83b-075de734cfe3/resourceGroups/hashicorp-rg/providers/Microsoft.Network/virtualNetworks/hash-vnet/subnets/hash_internal"
              }
            ],
            "location": "uksouth",
            "mac_address": "7C-1E-52-09-A9-25",
            "name": "hash-nic",
            "private_ip_address": "10.0.1.4",
            "private_ip_addresses": [
              "10.0.1.4"
            ],
            "resource_group_name": "hashicorp-rg",
            "tags": {
              "environment": "dev"
            },
            "timeouts": null,
            "virtual_machine_id": "/subscriptions/a32f5afc-66b2-452e-b83b-075de734cfe3/resourceGroups/hashicorp-rg/providers/Microsoft.Compute/virtualMachines/hash-vm"
          },
          "sensitive_attributes": [],
          "private": "eyJlMmJmYjczMC1lY2FhLTExZTYtOGY4OC0zNDM2M2JjN2M0YzAiOnsiY3JlYXRlIjoxODAwMDAwMDAwMDAwLCJkZWxldGUiOjE4MDAwMDAwMDAwMDAsInJlYWQiOjMwMDAwMDAwMDAwMCwidXBkYXRlIjoxODAwMDAwMDAwMDAwfX0=",
          "dependencies": [
            "azurerm_public_ip.hash-ip",
            "azurerm_resource_group.hash-rg",
            "azurerm_subnet.has-subnet",
            "azurerm_virtual_network.has-vn"
          ]
        }
      ]
    },
    {
      "mode": "managed",
      "type": "azurerm_network_security_group",
      "name": "hash-nsg",
      "provider": "provider[\"registry.terraform.io/hashicorp/azurerm\"]",
      "instances": [
        {
          "schema_version": 0,
          "attributes": {
            "id": "/subscriptions/a32f5afc-66b2-452e-b83b-075de734cfe3/resourceGroups/hashicorp-rg/providers/Microsoft.Network/networkSecurityGroups/hash-nsg",
            "location": "uksouth",
            "name": "hash-nsg",
            "resource_group_name": "hashicorp-rg",
            "security_rule": [
              {
                "access": "Allow",
                "description": "",
                "destination_address_prefix": "*",
                "destination_address_prefixes": [],
                "destination_application_security_group_ids": [],
                "destination_port_range": "*",
                "destination_port_ranges": [],
                "direction": "Inbound",
                "name": "Hash-NSG-rule",
                "priority": 100,
                "protocol": "*",
                "source_address_prefix": "*",
                "source_address_prefixes": [],
                "source_application_security_group_ids": [],
                "source_port_range": "*",
                "source_port_ranges": []
              }
            ],
            "tags": {
              "environment": "dev"
            },
            "timeouts": null
          },
          "sensitive_attributes": [],
          "private": "eyJlMmJmYjczMC1lY2FhLTExZTYtOGY4OC0zNDM2M2JjN2M0YzAiOnsiY3JlYXRlIjoxODAwMDAwMDAwMDAwLCJkZWxldGUiOjE4MDAwMDAwMDAwMDAsInJlYWQiOjMwMDAwMDAwMDAwMCwidXBkYXRlIjoxODAwMDAwMDAwMDAwfX0=",
          "dependencies": [
            "azurerm_resource_group.hash-rg"
          ]
        }
      ]
    },
    {
      "mode": "managed",
      "type": "azurerm_network_security_rule",
      "name": "hash-nsg-rule",
      "provider": "provider[\"registry.terraform.io/hashicorp/azurerm\"]",
      "instances": [
        {
          "schema_version": 0,
          "attributes": {
            "access": "Allow",
            "description": "",
            "destination_address_prefix": "*",
            "destination_address_prefixes": [],
            "destination_application_security_group_ids": [],
            "destination_port_range": "*",
            "destination_port_ranges": [],
            "direction": "Inbound",
            "id": "/subscriptions/a32f5afc-66b2-452e-b83b-075de734cfe3/resourceGroups/hashicorp-rg/providers/Microsoft.Network/networkSecurityGroups/hash-nsg/securityRules/Hash-NSG-rule",
            "name": "Hash-NSG-rule",
            "network_security_group_name": "hash-nsg",
            "priority": 100,
            "protocol": "*",
            "resource_group_name": "hashicorp-rg",
            "source_address_prefix": "*",
            "source_address_prefixes": [],
            "source_application_security_group_ids": [],
            "source_port_range": "*",
            "source_port_ranges": [],
            "timeouts": null
          },
          "sensitive_attributes": [],
          "private": "eyJlMmJmYjczMC1lY2FhLTExZTYtOGY4OC0zNDM2M2JjN2M0YzAiOnsiY3JlYXRlIjoxODAwMDAwMDAwMDAwLCJkZWxldGUiOjE4MDAwMDAwMDAwMDAsInJlYWQiOjMwMDAwMDAwMDAwMCwidXBkYXRlIjoxODAwMDAwMDAwMDAwfX0=",
          "dependencies": [
            "azurerm_network_security_group.hash-nsg",
            "azurerm_resource_group.hash-rg"
          ]
        }
      ]
    },
    {
      "mode": "managed",
      "type": "azurerm_public_ip",
      "name": "hash-ip",
      "provider": "provider[\"registry.terraform.io/hashicorp/azurerm\"]",
      "instances": [
        {
          "schema_version": 0,
          "attributes": {
            "allocation_method": "Dynamic",
            "domain_name_label": null,
            "edge_zone": "",
            "fqdn": null,
            "id": "/subscriptions/a32f5afc-66b2-452e-b83b-075de734cfe3/resourceGroups/hashicorp-rg/providers/Microsoft.Network/publicIPAddresses/hash-ip",
            "idle_timeout_in_minutes": 4,
            "ip_address": "51.140.51.125",
            "ip_tags": {},
            "ip_version": "IPv4",
            "location": "uksouth",
            "name": "hash-ip",
            "public_ip_prefix_id": null,
            "resource_group_name": "hashicorp-rg",
            "reverse_fqdn": null,
            "sku": "Basic",
            "sku_tier": "Regional",
            "tags": {
              "environment": "dev"
            },
            "timeouts": null,
            "zones": []
          },
          "sensitive_attributes": [],
          "private": "eyJlMmJmYjczMC1lY2FhLTExZTYtOGY4OC0zNDM2M2JjN2M0YzAiOnsiY3JlYXRlIjoxODAwMDAwMDAwMDAwLCJkZWxldGUiOjE4MDAwMDAwMDAwMDAsInJlYWQiOjMwMDAwMDAwMDAwMCwidXBkYXRlIjoxODAwMDAwMDAwMDAwfX0=",
          "dependencies": [
            "azurerm_resource_group.hash-rg"
          ]
        }
      ]
    },
    {
      "mode": "managed",
      "type": "azurerm_resource_group",
      "name": "hash-rg",
      "provider": "provider[\"registry.terraform.io/hashicorp/azurerm\"]",
      "instances": [
        {
          "schema_version": 0,
          "attributes": {
            "id": "/subscriptions/a32f5afc-66b2-452e-b83b-075de734cfe3/resourceGroups/hashicorp-rg",
            "location": "uksouth",
            "name": "hashicorp-rg",
            "tags": {
              "environment": "dev"
            },
            "timeouts": null
          },
          "sensitive_attributes": [],
          "private": "eyJlMmJmYjczMC1lY2FhLTExZTYtOGY4OC0zNDM2M2JjN2M0YzAiOnsiY3JlYXRlIjo1NDAwMDAwMDAwMDAwLCJkZWxldGUiOjU0MDAwMDAwMDAwMDAsInJlYWQiOjMwMDAwMDAwMDAwMCwidXBkYXRlIjo1NDAwMDAwMDAwMDAwfX0="
        }
      ]
    },
    {
      "mode": "managed",
      "type": "azurerm_subnet",
      "name": "has-subnet",
      "provider": "provider[\"registry.terraform.io/hashicorp/azurerm\"]",
      "instances": [
        {
          "schema_version": 0,
          "attributes": {
            "address_prefixes": [
              "10.0.1.0/24"
            ],
            "delegation": [],
            "enforce_private_link_endpoint_network_policies": false,
            "enforce_private_link_service_network_policies": false,
            "id": "/subscriptions/a32f5afc-66b2-452e-b83b-075de734cfe3/resourceGroups/hashicorp-rg/providers/Microsoft.Network/virtualNetworks/hash-vnet/subnets/hash_internal",
            "name": "hash_internal",
            "resource_group_name": "hashicorp-rg",
            "service_endpoint_policy_ids": [],
            "service_endpoints": [],
            "timeouts": null,
            "virtual_network_name": "hash-vnet"
          },
          "sensitive_attributes": [],
          "private": "eyJlMmJmYjczMC1lY2FhLTExZTYtOGY4OC0zNDM2M2JjN2M0YzAiOnsiY3JlYXRlIjoxODAwMDAwMDAwMDAwLCJkZWxldGUiOjE4MDAwMDAwMDAwMDAsInJlYWQiOjMwMDAwMDAwMDAwMCwidXBkYXRlIjoxODAwMDAwMDAwMDAwfX0=",
          "dependencies": [
            "azurerm_resource_group.hash-rg",
            "azurerm_virtual_network.has-vn"
          ]
        }
      ]
    },
    {
      "mode": "managed",
      "type": "azurerm_subnet_network_security_group_association",
      "name": "Hash-NSG-assoc",
      "provider": "provider[\"registry.terraform.io/hashicorp/azurerm\"]",
      "instances": [
        {
          "schema_version": 0,
          "attributes": {
            "id": "/subscriptions/a32f5afc-66b2-452e-b83b-075de734cfe3/resourceGroups/hashicorp-rg/providers/Microsoft.Network/virtualNetworks/hash-vnet/subnets/hash_internal",
            "network_security_group_id": "/subscriptions/a32f5afc-66b2-452e-b83b-075de734cfe3/resourceGroups/hashicorp-rg/providers/Microsoft.Network/networkSecurityGroups/hash-nsg",
            "subnet_id": "/subscriptions/a32f5afc-66b2-452e-b83b-075de734cfe3/resourceGroups/hashicorp-rg/providers/Microsoft.Network/virtualNetworks/hash-vnet/subnets/hash_internal",
            "timeouts": null
          },
          "sensitive_attributes": [],
          "private": "eyJlMmJmYjczMC1lY2FhLTExZTYtOGY4OC0zNDM2M2JjN2M0YzAiOnsiY3JlYXRlIjoxODAwMDAwMDAwMDAwLCJkZWxldGUiOjE4MDAwMDAwMDAwMDAsInJlYWQiOjMwMDAwMDAwMDAwMCwidXBkYXRlIjoxODAwMDAwMDAwMDAwfX0=",
          "dependencies": [
            "azurerm_network_security_group.hash-nsg",
            "azurerm_resource_group.hash-rg",
            "azurerm_subnet.has-subnet",
            "azurerm_virtual_network.has-vn"
          ]
        }
      ]
    },
    {
      "mode": "managed",
      "type": "azurerm_virtual_network",
      "name": "has-vn",
      "provider": "provider[\"registry.terraform.io/hashicorp/azurerm\"]",
      "instances": [
        {
          "schema_version": 0,
          "attributes": {
            "address_space": [
              "10.0.0.0/16"
            ],
            "bgp_community": "",
            "ddos_protection_plan": [],
            "dns_servers": [],
            "edge_zone": "",
            "flow_timeout_in_minutes": 0,
            "guid": "d6fcb378-d994-48d7-829f-1fb54eb6ac07",
            "id": "/subscriptions/a32f5afc-66b2-452e-b83b-075de734cfe3/resourceGroups/hashicorp-rg/providers/Microsoft.Network/virtualNetworks/hash-vnet",
            "location": "uksouth",
            "name": "hash-vnet",
            "resource_group_name": "hashicorp-rg",
            "subnet": [
              {
                "address_prefix": "10.0.1.0/24",
                "id": "/subscriptions/a32f5afc-66b2-452e-b83b-075de734cfe3/resourceGroups/hashicorp-rg/providers/Microsoft.Network/virtualNetworks/hash-vnet/subnets/hash_internal",
                "name": "hash_internal",
                "security_group": "/subscriptions/a32f5afc-66b2-452e-b83b-075de734cfe3/resourceGroups/hashicorp-rg/providers/Microsoft.Network/networkSecurityGroups/hash-nsg"
              }
            ],
            "tags": {
              "environment": "dev"
            },
            "timeouts": null
          },
          "sensitive_attributes": [],
          "private": "eyJlMmJmYjczMC1lY2FhLTExZTYtOGY4OC0zNDM2M2JjN2M0YzAiOnsiY3JlYXRlIjoxODAwMDAwMDAwMDAwLCJkZWxldGUiOjE4MDAwMDAwMDAwMDAsInJlYWQiOjMwMDAwMDAwMDAwMCwidXBkYXRlIjoxODAwMDAwMDAwMDAwfX0=",
          "dependencies": [
            "azurerm_resource_group.hash-rg"
          ]
        }
      ]
    }
  ],
  "check_results": null
}
